{
  "version": 4,
  "terraform_version": "0.13.5",
  "serial": 1,
  "lineage": "c1799a64-c905-95e9-0a66-798490be800a",
  "outputs": {},
  "resources": [
    {
      "mode": "managed",
      "type": "google_compute_firewall",
      "name": "allow_http_n_https",
      "provider": "provider[\"registry.terraform.io/hashicorp/google\"]",
      "instances": [
        {
          "schema_version": 1,
          "attributes": {
            "allow": [
              {
                "ports": [
                  "443"
                ],
                "protocol": "tcp"
              },
              {
                "ports": [
                  "80"
                ],
                "protocol": "tcp"
              },
              {
                "ports": [
                  "8080"
                ],
                "protocol": "tcp"
              },
              {
                "ports": [
                  "9090"
                ],
                "protocol": "tcp"
              },
              {
                "ports": [
                  "9093"
                ],
                "protocol": "tcp"
              }
            ],
            "creation_timestamp": "2020-11-27T03:02:22.411-08:00",
            "deny": [],
            "description": "",
            "destination_ranges": [],
            "direction": "INGRESS",
            "disabled": false,
            "enable_logging": null,
            "id": "projects/cloudsqldeepdive/global/firewalls/allow-http-n-https",
            "log_config": [],
            "name": "allow-http-n-https",
            "network": "https://www.googleapis.com/compute/v1/projects/cloudsqldeepdive/global/networks/default",
            "priority": 1000,
            "project": "cloudsqldeepdive",
            "self_link": "https://www.googleapis.com/compute/v1/projects/cloudsqldeepdive/global/firewalls/allow-http-n-https",
            "source_ranges": [
              "0.0.0.0/0"
            ],
            "source_service_accounts": null,
            "source_tags": null,
            "target_service_accounts": null,
            "target_tags": [
              "allow-http",
              "allow-https"
            ],
            "timeouts": null
          },
          "private": "eyJlMmJmYjczMC1lY2FhLTExZTYtOGY4OC0zNDM2M2JjN2M0YzAiOnsiY3JlYXRlIjoyNDAwMDAwMDAwMDAsImRlbGV0ZSI6MjQwMDAwMDAwMDAwLCJ1cGRhdGUiOjI0MDAwMDAwMDAwMH0sInNjaGVtYV92ZXJzaW9uIjoiMSJ9"
        }
      ]
    }
  ]
}
