{
  "version": 4,
  "terraform_version": "0.13.5",
  "serial": 1,
  "lineage": "b589ce7e-513b-e0a6-0db2-ef4d31bf2c68",
  "outputs": {},
  "resources": [
    {
      "mode": "managed",
      "type": "google_compute_instance",
      "name": "count-demo",
      "provider": "provider[\"registry.terraform.io/hashicorp/google\"]",
      "instances": [
        {
          "index_key": 0,
          "schema_version": 6,
          "attributes": {
            "allow_stopping_for_update": null,
            "attached_disk": [],
            "boot_disk": [
              {
                "auto_delete": true,
                "device_name": "persistent-disk-0",
                "disk_encryption_key_raw": "",
                "disk_encryption_key_sha256": "",
                "initialize_params": [
                  {
                    "image": "https://www.googleapis.com/compute/v1/projects/debian-cloud/global/images/debian-9-stretch-v20200805",
                    "labels": {},
                    "size": 10,
                    "type": "pd-standard"
                  }
                ],
                "kms_key_self_link": "",
                "mode": "READ_WRITE",
                "source": "https://www.googleapis.com/compute/v1/projects/cloudsqldeepdive/zones/asia-southeast1-a/disks/count-demo-dev"
              }
            ],
            "can_ip_forward": false,
            "cpu_platform": "Intel Broadwell",
            "current_status": "RUNNING",
            "deletion_protection": false,
            "description": "",
            "desired_status": null,
            "enable_display": false,
            "guest_accelerator": [],
            "hostname": "",
            "id": "projects/cloudsqldeepdive/zones/asia-southeast1-a/instances/count-demo-dev",
            "instance_id": "7374325838555279776",
            "label_fingerprint": "42WmSpB8rSM=",
            "labels": null,
            "machine_type": "f1-micro",
            "metadata": null,
            "metadata_fingerprint": "ckd5Vofr_Cs=",
            "metadata_startup_script": "",
            "min_cpu_platform": "",
            "name": "count-demo-dev",
            "network_interface": [
              {
                "access_config": [],
                "alias_ip_range": [],
                "name": "nic0",
                "network": "https://www.googleapis.com/compute/v1/projects/cloudsqldeepdive/global/networks/default",
                "network_ip": "10.148.15.195",
                "subnetwork": "https://www.googleapis.com/compute/v1/projects/cloudsqldeepdive/regions/asia-southeast1/subnetworks/default",
                "subnetwork_project": "cloudsqldeepdive"
              }
            ],
            "project": "cloudsqldeepdive",
            "resource_policies": null,
            "scheduling": [
              {
                "automatic_restart": true,
                "node_affinities": [],
                "on_host_maintenance": "MIGRATE",
                "preemptible": false
              }
            ],
            "scratch_disk": [],
            "self_link": "https://www.googleapis.com/compute/v1/projects/cloudsqldeepdive/zones/asia-southeast1-a/instances/count-demo-dev",
            "service_account": [],
            "shielded_instance_config": [],
            "tags": null,
            "tags_fingerprint": "42WmSpB8rSM=",
            "timeouts": null,
            "zone": "asia-southeast1-a"
          },
          "private": "eyJlMmJmYjczMC1lY2FhLTExZTYtOGY4OC0zNDM2M2JjN2M0YzAiOnsiY3JlYXRlIjoxMjAwMDAwMDAwMDAwLCJkZWxldGUiOjEyMDAwMDAwMDAwMDAsInVwZGF0ZSI6MTIwMDAwMDAwMDAwMH0sInNjaGVtYV92ZXJzaW9uIjoiNiJ9"
        },
        {
          "index_key": 1,
          "schema_version": 6,
          "attributes": {
            "allow_stopping_for_update": null,
            "attached_disk": [],
            "boot_disk": [
              {
                "auto_delete": true,
                "device_name": "persistent-disk-0",
                "disk_encryption_key_raw": "",
                "disk_encryption_key_sha256": "",
                "initialize_params": [
                  {
                    "image": "https://www.googleapis.com/compute/v1/projects/debian-cloud/global/images/debian-9-stretch-v20200805",
                    "labels": {},
                    "size": 10,
                    "type": "pd-standard"
                  }
                ],
                "kms_key_self_link": "",
                "mode": "READ_WRITE",
                "source": "https://www.googleapis.com/compute/v1/projects/cloudsqldeepdive/zones/asia-southeast1-a/disks/count-demo-stage"
              }
            ],
            "can_ip_forward": false,
            "cpu_platform": "Intel Broadwell",
            "current_status": "RUNNING",
            "deletion_protection": false,
            "description": "",
            "desired_status": null,
            "enable_display": false,
            "guest_accelerator": [],
            "hostname": "",
            "id": "projects/cloudsqldeepdive/zones/asia-southeast1-a/instances/count-demo-stage",
            "instance_id": "7280927660125090208",
            "label_fingerprint": "42WmSpB8rSM=",
            "labels": null,
            "machine_type": "g1-small",
            "metadata": null,
            "metadata_fingerprint": "ckd5Vofr_Cs=",
            "metadata_startup_script": "",
            "min_cpu_platform": "",
            "name": "count-demo-stage",
            "network_interface": [
              {
                "access_config": [],
                "alias_ip_range": [],
                "name": "nic0",
                "network": "https://www.googleapis.com/compute/v1/projects/cloudsqldeepdive/global/networks/default",
                "network_ip": "10.148.15.194",
                "subnetwork": "https://www.googleapis.com/compute/v1/projects/cloudsqldeepdive/regions/asia-southeast1/subnetworks/default",
                "subnetwork_project": "cloudsqldeepdive"
              }
            ],
            "project": "cloudsqldeepdive",
            "resource_policies": null,
            "scheduling": [
              {
                "automatic_restart": true,
                "node_affinities": [],
                "on_host_maintenance": "MIGRATE",
                "preemptible": false
              }
            ],
            "scratch_disk": [],
            "self_link": "https://www.googleapis.com/compute/v1/projects/cloudsqldeepdive/zones/asia-southeast1-a/instances/count-demo-stage",
            "service_account": [],
            "shielded_instance_config": [],
            "tags": null,
            "tags_fingerprint": "42WmSpB8rSM=",
            "timeouts": null,
            "zone": "asia-southeast1-a"
          },
          "private": "eyJlMmJmYjczMC1lY2FhLTExZTYtOGY4OC0zNDM2M2JjN2M0YzAiOnsiY3JlYXRlIjoxMjAwMDAwMDAwMDAwLCJkZWxldGUiOjEyMDAwMDAwMDAwMDAsInVwZGF0ZSI6MTIwMDAwMDAwMDAwMH0sInNjaGVtYV92ZXJzaW9uIjoiNiJ9"
        }
      ]
    }
  ]
}
